// !$*UTF8*$!
{
	archiveVersion = 1;
	classes = {
	};
	objectVersion = 50;
	objects = {

/* Begin PBXBuildFile section */
		BFFFB67320D5D0FD00B2F4F8 /* AppDelegate.swift in Sources */ = {isa = PBXBuildFile; fileRef = BFFFB67220D5D0FD00B2F4F8 /* AppDelegate.swift */; };
		BFFFB67520D5D0FD00B2F4F8 /* ViewController.swift in Sources */ = {isa = PBXBuildFile; fileRef = BFFFB67420D5D0FD00B2F4F8 /* ViewController.swift */; };
		BFFFB67820D5D0FD00B2F4F8 /* Main.storyboard in Resources */ = {isa = PBXBuildFile; fileRef = BFFFB67620D5D0FD00B2F4F8 /* Main.storyboard */; };
		BFFFB67A20D5D0FF00B2F4F8 /* Assets.xcassets in Resources */ = {isa = PBXBuildFile; fileRef = BFFFB67920D5D0FF00B2F4F8 /* Assets.xcassets */; };
		BFFFB67D20D5D0FF00B2F4F8 /* LaunchScreen.storyboard in Resources */ = {isa = PBXBuildFile; fileRef = BFFFB67B20D5D0FF00B2F4F8 /* LaunchScreen.storyboard */; };
		BFFFB68520D5D3C000B2F4F8 /* CountModel.swift in Sources */ = {isa = PBXBuildFile; fileRef = BFFFB68420D5D3C000B2F4F8 /* CountModel.swift */; };
/* End PBXBuildFile section */

/* Begin PBXFileReference section */
		BFFFB66F20D5D0FD00B2F4F8 /* ModelViewControllerLecture.app */ = {isa = PBXFileReference; explicitFileType = wrapper.application; includeInIndex = 0; path = ModelViewControllerLecture.app; sourceTree = BUILT_PRODUCTS_DIR; };
		BFFFB67220D5D0FD00B2F4F8 /* AppDelegate.swift */ = {isa = PBXFileReference; lastKnownFileType = sourcecode.swift; path = AppDelegate.swift; sourceTree = "<group>"; };
		BFFFB67420D5D0FD00B2F4F8 /* ViewController.swift */ = {isa = PBXFileReference; lastKnownFileType = sourcecode.swift; path = ViewController.swift; sourceTree = "<group>"; };
		BFFFB67720D5D0FD00B2F4F8 /* Base */ = {isa = PBXFileReference; lastKnownFileType = file.storyboard; name = Base; path = Base.lproj/Main.storyboard; sourceTree = "<group>"; };
		BFFFB67920D5D0FF00B2F4F8 /* Assets.xcassets */ = {isa = PBXFileReference; lastKnownFileType = folder.assetcatalog; path = Assets.xcassets; sourceTree = "<group>"; };
		BFFFB67C20D5D0FF00B2F4F8 /* Base */ = {isa = PBXFileReference; lastKnownFileType = file.storyboard; name = Base; path = Base.lproj/LaunchScreen.storyboard; sourceTree = "<group>"; };
		BFFFB67E20D5D0FF00B2F4F8 /* Info.plist */ = {isa = PBXFileReference; lastKnownFileType = text.plist.xml; path = Info.plist; sourceTree = "<group>"; };
		BFFFB68420D5D3C000B2F4F8 /* CountModel.swift */ = {isa = PBXFileReference; lastKnownFileType = sourcecode.swift; path = CountModel.swift; sourceTree = "<group>"; };
/* End PBXFileReference section */

/* Begin PBXFrameworksBuildPhase section */
		BFFFB66C20D5D0FD00B2F4F8 /* Frameworks */ = {
			isa = PBXFrameworksBuildPhase;
			buildActionMask = 2147483647;
			files = (
			);
			runOnlyForDeploymentPostprocessing = 0;
		};
/* End PBXFrameworksBuildPhase section */

/* Begin PBXGroup section */
		BFFFB66620D5D0FD00B2F4F8 = {
			isa = PBXGroup;
			children = (
				BFFFB67120D5D0FD00B2F4F8 /* ModelViewControllerLecture */,
				BFFFB67020D5D0FD00B2F4F8 /* Products */,
			);
			sourceTree = "<group>";
		};
		BFFFB67020D5D0FD00B2F4F8 /* Products */ = {
			isa = PBXGroup;
			children = (
				BFFFB66F20D5D0FD00B2F4F8 /* ModelViewControllerLecture.app */,
			);
			name = Products;
			sourceTree = "<group>";
		};
		BFFFB67120D5D0FD00B2F4F8 /* ModelViewControllerLecture */ = {
			isa = PBXGroup;
			children = (
				BFFFB67220D5D0FD00B2F4F8 /* AppDelegate.swift */,
				BFFFB67420D5D0FD00B2F4F8 /* ViewController.swift */,
				BFFFB67620D5D0FD00B2F4F8 /* Main.storyboard */,
				BFFFB67920D5D0FF00B2F4F8 /* Assets.xcassets */,
				BFFFB67B20D5D0FF00B2F4F8 /* LaunchScreen.storyboard */,
				BFFFB68420D5D3C000B2F4F8 /* CountModel.swift */,
				BFFFB67E20D5D0FF00B2F4F8 /* Info.plist */,
			);
			path = ModelViewControllerLecture;
			sourceTree = "<group>";
		};
/* End PBXGroup section */

/* Begin PBXNativeTarget section */
		BFFFB66E20D5D0FD00B2F4F8 /* ModelViewControllerLecture */ = {
			isa = PBXNativeTarget;
			buildConfigurationList = BFFFB68120D5D0FF00B2F4F8 /* Build configuration list for PBXNativeTarget "ModelViewControllerLecture" */;
			buildPhases = (
				BFFFB66B20D5D0FD00B2F4F8 /* Sources */,
				BFFFB66C20D5D0FD00B2F4F8 /* Frameworks */,
				BFFFB66D20D5D0FD00B2F4F8 /* Resources */,
			);
			buildRules = (
			);
			dependencies = (
			);
			name = ModelViewControllerLecture;
			productName = ModelViewControllerLecture;
			productReference = BFFFB66F20D5D0FD00B2F4F8 /* ModelViewControllerLecture.app */;
			productType = "com.apple.product-type.application";
		};
/* End PBXNativeTarget section */

/* Begin PBXProject section */
		BFFFB66720D5D0FD00B2F4F8 /* Project object */ = {
			isa = PBXProject;
			attributes = {
				LastSwiftUpdateCheck = 0940;
				LastUpgradeCheck = 0940;
				ORGANIZATIONNAME = "Maryland Dust Storm Project";
				TargetAttributes = {
					BFFFB66E20D5D0FD00B2F4F8 = {
						CreatedOnToolsVersion = 9.4;
					};
				};
			};
			buildConfigurationList = BFFFB66A20D5D0FD00B2F4F8 /* Build configuration list for PBXProject "ModelViewControllerLecture" */;
			compatibilityVersion = "Xcode 9.3";
			developmentRegion = en;
			hasScannedForEncodings = 0;
			knownRegions = (
				en,
				Base,
			);
			mainGroup = BFFFB66620D5D0FD00B2F4F8;
			productRefGroup = BFFFB67020D5D0FD00B2F4F8 /* Products */;
			projectDirPath = "";
			projectRoot = "";
			targets = (
				BFFFB66E20D5D0FD00B2F4F8 /* ModelViewControllerLecture */,
			);
		};
/* End PBXProject section */

/* Begin PBXResourcesBuildPhase section */
		BFFFB66D20D5D0FD00B2F4F8 /* Resources */ = {
			isa = PBXResourcesBuildPhase;
			buildActionMask = 2147483647;
			files = (
				BFFFB67D20D5D0FF00B2F4F8 /* LaunchScreen.storyboard in Resources */,
				BFFFB67A20D5D0FF00B2F4F8 /* Assets.xcassets in Resources */,
				BFFFB67820D5D0FD00B2F4F8 /* Main.storyboard in Resources */,
			);
			runOnlyForDeploymentPostprocessing = 0;
		};
/* End PBXResourcesBuildPhase section */

/* Begin PBXSourcesBuildPhase section */
		BFFFB66B20D5D0FD00B2F4F8 /* Sources */ = {
			isa = PBXSourcesBuildPhase;
			buildActionMask = 2147483647;
			files = (
				BFFFB67520D5D0FD00B2F4F8 /* ViewController.swift in Sources */,
				BFFFB67320D5D0FD00B2F4F8 /* AppDelegate.swift in Sources */,
				BFFFB68520D5D3C000B2F4F8 /* CountModel.swift in Sources */,
			);
			runOnlyForDeploymentPostprocessing = 0;
		};
/* End PBXSourcesBuildPhase section */

/* Begin PBXVariantGroup section */
		BFFFB67620D5D0FD00B2F4F8 /* Main.storyboard */ = {
			isa = PBXVariantGroup;
			children = (
				BFFFB67720D5D0FD00B2F4F8 /* Base */,
			);
			name = Main.storyboard;
			sourceTree = "<group>";
		};
		BFFFB67B20D5D0FF00B2F4F8 /* LaunchScreen.storyboard */ = {
			isa = PBXVariantGroup;
			children = (
				BFFFB67C20D5D0FF00B2F4F8 /* Base */,
			);
			name = LaunchScreen.storyboard;
			sourceTree = "<group>";
		};
/* End PBXVariantGroup section */

/* Begin XCBuildConfiguration section */
		BFFFB67F20D5D0FF00B2F4F8 /* Debug */ = {
			isa = XCBuildConfiguration;
			buildSettings = {
				ALWAYS_SEARCH_USER_PATHS = NO;
				CLANG_ANALYZER_NONNULL = YES;
				CLANG_ANALYZER_NUMBER_OBJECT_CONVERSION = YES_AGGRESSIVE;
				CLANG_CXX_LANGUAGE_STANDARD = "gnu++14";
				CLANG_CXX_LIBRARY = "libc++";
				CLANG_ENABLE_MODULES = YES;
				CLANG_ENABLE_OBJC_ARC = YES;
				CLANG_ENABLE_OBJC_WEAK = YES;
				CLANG_WARN_BLOCK_CAPTURE_AUTORELEASING = YES;
				CLANG_WARN_BOOL_CONVERSION = YES;
				CLANG_WARN_COMMA = YES;
				CLANG_WARN_CONSTANT_CONVERSION = YES;
				CLANG_WARN_DEPRECATED_OBJC_IMPLEMENTATIONS = YES;
				CLANG_WARN_DIRECT_OBJC_ISA_USAGE = YES_ERROR;
				CLANG_WARN_DOCUMENTATION_COMMENTS = YES;
				CLANG_WARN_EMPTY_BODY = YES;
				CLANG_WARN_ENUM_CONVERSION = YES;
				CLANG_WARN_INFINITE_RECURSION = YES;
				CLANG_WARN_INT_CONVERSION = YES;
				CLANG_WARN_NON_LITERAL_NULL_CONVERSION = YES;
				CLANG_WARN_OBJC_IMPLICIT_RETAIN_SELF = YES;
				CLANG_WARN_OBJC_LITERAL_CONVERSION = YES;
				CLANG_WARN_OBJC_ROOT_CLASS = YES_ERROR;
				CLANG_WARN_RANGE_LOOP_ANALYSIS = YES;
				CLANG_WARN_STRICT_PROTOTYPES = YES;
				CLANG_WARN_SUSPICIOUS_MOVE = YES;
				CLANG_WARN_UNGUARDED_AVAILABILITY = YES_AGGRESSIVE;
				CLANG_WARN_UNREACHABLE_CODE = YES;
				CLANG_WARN__DUPLICATE_METHOD_MATCH = YES;
				CODE_SIGN_IDENTITY = "iPhone Developer";
				COPY_PHASE_STRIP = NO;
				DEBUG_INFORMATION_FORMAT = dwarf;
				ENABLE_STRICT_OBJC_MSGSEND = YES;
				ENABLE_TESTABILITY = YES;
				GCC_C_LANGUAGE_STANDARD = gnu11;
				GCC_DYNAMIC_NO_PIC = NO;
				GCC_NO_COMMON_BLOCKS = YES;
				GCC_OPTIMIZATION_LEVEL = 0;
				GCC_PREPROCESSOR_DEFINITIONS = (
					"DEBUG=1",
					"$(inherited)",
				);
				GCC_WARN_64_TO_32_BIT_CONVERSION = YES;
				GCC_WARN_ABOUT_RETURN_TYPE = YES_ERROR;
				GCC_WARN_UNDECLARED_SELECTOR = YES;
				GCC_WARN_UNINITIALIZED_AUTOS = YES_AGGRESSIVE;
				GCC_WARN_UNUSED_FUNCTION = YES;
				GCC_WARN_UNUSED_VARIABLE = YES;
				IPHONEOS_DEPLOYMENT_TARGET = 11.4;
				MTL_ENABLE_DEBUG_INFO = YES;
				ONLY_ACTIVE_ARCH = YES;
				SDKROOT = iphoneos;
				SWIFT_ACTIVE_COMPILATION_CONDITIONS = DEBUG;
				SWIFT_OPTIMIZATION_LEVEL = "-Onone";
			};
			name = Debug;
		};
		BFFFB68020D5D0FF00B2F4F8 /* Release */ = {
			isa = XCBuildConfiguration;
			buildSettings = {
				ALWAYS_SEARCH_USER_PATHS = NO;
				CLANG_ANALYZER_NONNULL = YES;
				CLANG_ANALYZER_NUMBER_OBJECT_CONVERSION = YES_AGGRESSIVE;
				CLANG_CXX_LANGUAGE_STANDARD = "gnu++14";
				CLANG_CXX_LIBRARY = "libc++";
				CLANG_ENABLE_MODULES = YES;
				CLANG_ENABLE_OBJC_ARC = YES;
				CLANG_ENABLE_OBJC_WEAK = YES;
				CLANG_WARN_BLOCK_CAPTURE_AUTORELEASING = YES;
				CLANG_WARN_BOOL_CONVERSION = YES;
				CLANG_WARN_COMMA = YES;
				CLANG_WARN_CONSTANT_CONVERSION = YES;
				CLANG_WARN_DEPRECATED_OBJC_IMPLEMENTATIONS = YES;
				CLANG_WARN_DIRECT_OBJC_ISA_USAGE = YES_ERROR;
				CLANG_WARN_DOCUMENTATION_COMMENTS = YES;
				CLANG_WARN_EMPTY_BODY = YES;
				CLANG_WARN_ENUM_CONVERSION = YES;
				CLANG_WARN_INFINITE_RECURSION = YES;
				CLANG_WARN_INT_CONVERSION = YES;
				CLANG_WARN_NON_LITERAL_NULL_CONVERSION = YES;
				CLANG_WARN_OBJC_IMPLICIT_RETAIN_SELF = YES;
				CLANG_WARN_OBJC_LITERAL_CONVERSION = YES;
				CLANG_WARN_OBJC_ROOT_CLASS = YES_ERROR;
				CLANG_WARN_RANGE_LOOP_ANALYSIS = YES;
				CLANG_WARN_STRICT_PROTOTYPES = YES;
				CLANG_WARN_SUSPICIOUS_MOVE = YES;
				CLANG_WARN_UNGUARDED_AVAILABILITY = YES_AGGRESSIVE;
				CLANG_WARN_UNREACHABLE_CODE = YES;
				CLANG_WARN__DUPLICATE_METHOD_MATCH = YES;
				CODE_SIGN_IDENTITY = "iPhone Developer";
				COPY_PHASE_STRIP = NO;
				DEBUG_INFORMATION_FORMAT = "dwarf-with-dsym";
				ENABLE_NS_ASSERTIONS = NO;
				ENABLE_STRICT_OBJC_MSGSEND = YES;
				GCC_C_LANGUAGE_STANDARD = gnu11;
				GCC_NO_COMMON_BLOCKS = YES;
				GCC_WARN_64_TO_32_BIT_CONVERSION = YES;
				GCC_WARN_ABOUT_RETURN_TYPE = YES_ERROR;
				GCC_WARN_UNDECLARED_SELECTOR = YES;
				GCC_WARN_UNINITIALIZED_AUTOS = YES_AGGRESSIVE;
				GCC_WARN_UNUSED_FUNCTION = YES;
				GCC_WARN_UNUSED_VARIABLE = YES;
				IPHONEOS_DEPLOYMENT_TARGET = 11.4;
				MTL_ENABLE_DEBUG_INFO = NO;
				SDKROOT = iphoneos;
				SWIFT_COMPILATION_MODE = wholemodule;
				SWIFT_OPTIMIZATION_LEVEL = "-O";
				VALIDATE_PRODUCT = YES;
			};
			name = Release;
		};
		BFFFB68220D5D0FF00B2F4F8 /* Debug */ = {
			isa = XCBuildConfiguration;
			buildSettings = {
				ASSETCATALOG_COMPILER_APPICON_NAME = AppIcon;
				CODE_SIGN_STYLE = Automatic;
				DEVELOPMENT_TEAM = ZB499VUL53;
				INFOPLIST_FILE = ModelViewControllerLecture/Info.plist;
				LD_RUNPATH_SEARCH_PATHS = (
					"$(inherited)",
					"@executable_path/Frameworks",
				);
				PRODUCT_BUNDLE_IDENTIFIER = MDDSP.ModelViewControllerLecture;
				PRODUCT_NAME = "$(TARGET_NAME)";
				SWIFT_VERSION = 4.0;
				TARGETED_DEVICE_FAMILY = "1,2";
			};
			name = Debug;
		};
		BFFFB68320D5D0FF00B2F4F8 /* Release */ = {
			isa = XCBuildConfiguration;
			buildSettings = {
				ASSETCATALOG_COMPILER_APPICON_NAME = AppIcon;
				CODE_SIGN_STYLE = Automatic;
				DEVELOPMENT_TEAM = ZB499VUL53;
				INFOPLIST_FILE = ModelViewControllerLecture/Info.plist;
				LD_RUNPATH_SEARCH_PATHS = (
					"$(inherited)",
					"@executable_path/Frameworks",
				);
				PRODUCT_BUNDLE_IDENTIFIER = MDDSP.ModelViewControllerLecture;
				PRODUCT_NAME = "$(TARGET_NAME)";
				SWIFT_VERSION = 4.0;
				TARGETED_DEVICE_FAMILY = "1,2";
			};
			name = Release;
		};
/* End XCBuildConfiguration section */

/* Begin XCConfigurationList section */
		BFFFB66A20D5D0FD00B2F4F8 /* Build configuration list for PBXProject "ModelViewControllerLecture" */ = {
			isa = XCConfigurationList;
			buildConfigurations = (
				BFFFB67F20D5D0FF00B2F4F8 /* Debug */,
				BFFFB68020D5D0FF00B2F4F8 /* Release */,
			);
			defaultConfigurationIsVisible = 0;
			defaultConfigurationName = Release;
		};
		BFFFB68120D5D0FF00B2F4F8 /* Build configuration list for PBXNativeTarget "ModelViewControllerLecture" */ = {
			isa = XCConfigurationList;
			buildConfigurations = (
				BFFFB68220D5D0FF00B2F4F8 /* Debug */,
				BFFFB68320D5D0FF00B2F4F8 /* Release */,
			);
			defaultConfigurationIsVisible = 0;
			defaultConfigurationName = Release;
		};
/* End XCConfigurationList section */
	};
	rootObject = BFFFB66720D5D0FD00B2F4F8 /* Project object */;
}
