// !$*UTF8*$!
{
	archiveVersion = 1;
	classes = {
	};
	objectVersion = 46;
	objects = {

/* Begin PBXBuildFile section */
		BF8E22C120671D2E00829097 /* AppDelegate.swift in Sources */ = {isa = PBXBuildFile; fileRef = BF8E22C020671D2E00829097 /* AppDelegate.swift */; };
		BF8E22C320671D2E00829097 /* ViewController.swift in Sources */ = {isa = PBXBuildFile; fileRef = BF8E22C220671D2E00829097 /* ViewController.swift */; };
		BF8E22C620671D2E00829097 /* Main.storyboard in Resources */ = {isa = PBXBuildFile; fileRef = BF8E22C420671D2E00829097 /* Main.storyboard */; };
		BF8E22C820671D2E00829097 /* Assets.xcassets in Resources */ = {isa = PBXBuildFile; fileRef = BF8E22C720671D2E00829097 /* Assets.xcassets */; };
		BF8E22CB20671D2E00829097 /* LaunchScreen.storyboard in Resources */ = {isa = PBXBuildFile; fileRef = BF8E22C920671D2E00829097 /* LaunchScreen.storyboard */; };
		BF8E22D620671D2F00829097 /* My_First_AppTests.swift in Sources */ = {isa = PBXBuildFile; fileRef = BF8E22D520671D2F00829097 /* My_First_AppTests.swift */; };
		BF8E22E120671D2F00829097 /* My_First_AppUITests.swift in Sources */ = {isa = PBXBuildFile; fileRef = BF8E22E020671D2F00829097 /* My_First_AppUITests.swift */; };
/* End PBXBuildFile section */

/* Begin PBXContainerItemProxy section */
		BF8E22D220671D2E00829097 /* PBXContainerItemProxy */ = {
			isa = PBXContainerItemProxy;
			containerPortal = BF8E22B520671D2E00829097 /* Project object */;
			proxyType = 1;
			remoteGlobalIDString = BF8E22BC20671D2E00829097;
			remoteInfo = "My First App";
		};
		BF8E22DD20671D2F00829097 /* PBXContainerItemProxy */ = {
			isa = PBXContainerItemProxy;
			containerPortal = BF8E22B520671D2E00829097 /* Project object */;
			proxyType = 1;
			remoteGlobalIDString = BF8E22BC20671D2E00829097;
			remoteInfo = "My First App";
		};
/* End PBXContainerItemProxy section */

/* Begin PBXFileReference section */
		BF8E22BD20671D2E00829097 /* My First App.app */ = {isa = PBXFileReference; explicitFileType = wrapper.application; includeInIndex = 0; path = "My First App.app"; sourceTree = BUILT_PRODUCTS_DIR; };
		BF8E22C020671D2E00829097 /* AppDelegate.swift */ = {isa = PBXFileReference; lastKnownFileType = sourcecode.swift; path = AppDelegate.swift; sourceTree = "<group>"; };
		BF8E22C220671D2E00829097 /* ViewController.swift */ = {isa = PBXFileReference; lastKnownFileType = sourcecode.swift; path = ViewController.swift; sourceTree = "<group>"; };
		BF8E22C520671D2E00829097 /* Base */ = {isa = PBXFileReference; lastKnownFileType = file.storyboard; name = Base; path = Base.lproj/Main.storyboard; sourceTree = "<group>"; };
		BF8E22C720671D2E00829097 /* Assets.xcassets */ = {isa = PBXFileReference; lastKnownFileType = folder.assetcatalog; path = Assets.xcassets; sourceTree = "<group>"; };
		BF8E22CA20671D2E00829097 /* Base */ = {isa = PBXFileReference; lastKnownFileType = file.storyboard; name = Base; path = Base.lproj/LaunchScreen.storyboard; sourceTree = "<group>"; };
		BF8E22CC20671D2E00829097 /* Info.plist */ = {isa = PBXFileReference; lastKnownFileType = text.plist.xml; path = Info.plist; sourceTree = "<group>"; };
		BF8E22D120671D2E00829097 /* My First AppTests.xctest */ = {isa = PBXFileReference; explicitFileType = wrapper.cfbundle; includeInIndex = 0; path = "My First AppTests.xctest"; sourceTree = BUILT_PRODUCTS_DIR; };
		BF8E22D520671D2F00829097 /* My_First_AppTests.swift */ = {isa = PBXFileReference; lastKnownFileType = sourcecode.swift; path = My_First_AppTests.swift; sourceTree = "<group>"; };
		BF8E22D720671D2F00829097 /* Info.plist */ = {isa = PBXFileReference; lastKnownFileType = text.plist.xml; path = Info.plist; sourceTree = "<group>"; };
		BF8E22DC20671D2F00829097 /* My First AppUITests.xctest */ = {isa = PBXFileReference; explicitFileType = wrapper.cfbundle; includeInIndex = 0; path = "My First AppUITests.xctest"; sourceTree = BUILT_PRODUCTS_DIR; };
		BF8E22E020671D2F00829097 /* My_First_AppUITests.swift */ = {isa = PBXFileReference; lastKnownFileType = sourcecode.swift; path = My_First_AppUITests.swift; sourceTree = "<group>"; };
		BF8E22E220671D2F00829097 /* Info.plist */ = {isa = PBXFileReference; lastKnownFileType = text.plist.xml; path = Info.plist; sourceTree = "<group>"; };
/* End PBXFileReference section */

/* Begin PBXFrameworksBuildPhase section */
		BF8E22BA20671D2E00829097 /* Frameworks */ = {
			isa = PBXFrameworksBuildPhase;
			buildActionMask = 2147483647;
			files = (
			);
			runOnlyForDeploymentPostprocessing = 0;
		};
		BF8E22CE20671D2E00829097 /* Frameworks */ = {
			isa = PBXFrameworksBuildPhase;
			buildActionMask = 2147483647;
			files = (
			);
			runOnlyForDeploymentPostprocessing = 0;
		};
		BF8E22D920671D2F00829097 /* Frameworks */ = {
			isa = PBXFrameworksBuildPhase;
			buildActionMask = 2147483647;
			files = (
			);
			runOnlyForDeploymentPostprocessing = 0;
		};
/* End PBXFrameworksBuildPhase section */

/* Begin PBXGroup section */
		BF8E22B420671D2E00829097 = {
			isa = PBXGroup;
			children = (
				BF8E22BF20671D2E00829097 /* My First App */,
				BF8E22D420671D2E00829097 /* My First AppTests */,
				BF8E22DF20671D2F00829097 /* My First AppUITests */,
				BF8E22BE20671D2E00829097 /* Products */,
			);
			sourceTree = "<group>";
		};
		BF8E22BE20671D2E00829097 /* Products */ = {
			isa = PBXGroup;
			children = (
				BF8E22BD20671D2E00829097 /* My First App.app */,
				BF8E22D120671D2E00829097 /* My First AppTests.xctest */,
				BF8E22DC20671D2F00829097 /* My First AppUITests.xctest */,
			);
			name = Products;
			sourceTree = "<group>";
		};
		BF8E22BF20671D2E00829097 /* My First App */ = {
			isa = PBXGroup;
			children = (
				BF8E22C020671D2E00829097 /* AppDelegate.swift */,
				BF8E22C220671D2E00829097 /* ViewController.swift */,
				BF8E22C420671D2E00829097 /* Main.storyboard */,
				BF8E22C720671D2E00829097 /* Assets.xcassets */,
				BF8E22C920671D2E00829097 /* LaunchScreen.storyboard */,
				BF8E22CC20671D2E00829097 /* Info.plist */,
			);
			path = "My First App";
			sourceTree = "<group>";
		};
		BF8E22D420671D2E00829097 /* My First AppTests */ = {
			isa = PBXGroup;
			children = (
				BF8E22D520671D2F00829097 /* My_First_AppTests.swift */,
				BF8E22D720671D2F00829097 /* Info.plist */,
			);
			path = "My First AppTests";
			sourceTree = "<group>";
		};
		BF8E22DF20671D2F00829097 /* My First AppUITests */ = {
			isa = PBXGroup;
			children = (
				BF8E22E020671D2F00829097 /* My_First_AppUITests.swift */,
				BF8E22E220671D2F00829097 /* Info.plist */,
			);
			path = "My First AppUITests";
			sourceTree = "<group>";
		};
/* End PBXGroup section */

/* Begin PBXNativeTarget section */
		BF8E22BC20671D2E00829097 /* My First App */ = {
			isa = PBXNativeTarget;
			buildConfigurationList = BF8E22E520671D2F00829097 /* Build configuration list for PBXNativeTarget "My First App" */;
			buildPhases = (
				BF8E22B920671D2E00829097 /* Sources */,
				BF8E22BA20671D2E00829097 /* Frameworks */,
				BF8E22BB20671D2E00829097 /* Resources */,
			);
			buildRules = (
			);
			dependencies = (
			);
			name = "My First App";
			productName = "My First App";
			productReference = BF8E22BD20671D2E00829097 /* My First App.app */;
			productType = "com.apple.product-type.application";
		};
		BF8E22D020671D2E00829097 /* My First AppTests */ = {
			isa = PBXNativeTarget;
			buildConfigurationList = BF8E22E820671D2F00829097 /* Build configuration list for PBXNativeTarget "My First AppTests" */;
			buildPhases = (
				BF8E22CD20671D2E00829097 /* Sources */,
				BF8E22CE20671D2E00829097 /* Frameworks */,
				BF8E22CF20671D2E00829097 /* Resources */,
			);
			buildRules = (
			);
			dependencies = (
				BF8E22D320671D2E00829097 /* PBXTargetDependency */,
			);
			name = "My First AppTests";
			productName = "My First AppTests";
			productReference = BF8E22D120671D2E00829097 /* My First AppTests.xctest */;
			productType = "com.apple.product-type.bundle.unit-test";
		};
		BF8E22DB20671D2F00829097 /* My First AppUITests */ = {
			isa = PBXNativeTarget;
			buildConfigurationList = BF8E22EB20671D2F00829097 /* Build configuration list for PBXNativeTarget "My First AppUITests" */;
			buildPhases = (
				BF8E22D820671D2F00829097 /* Sources */,
				BF8E22D920671D2F00829097 /* Frameworks */,
				BF8E22DA20671D2F00829097 /* Resources */,
			);
			buildRules = (
			);
			dependencies = (
				BF8E22DE20671D2F00829097 /* PBXTargetDependency */,
			);
			name = "My First AppUITests";
			productName = "My First AppUITests";
			productReference = BF8E22DC20671D2F00829097 /* My First AppUITests.xctest */;
			productType = "com.apple.product-type.bundle.ui-testing";
		};
/* End PBXNativeTarget section */

/* Begin PBXProject section */
		BF8E22B520671D2E00829097 /* Project object */ = {
			isa = PBXProject;
			attributes = {
				LastSwiftUpdateCheck = 0820;
				LastUpgradeCheck = 0820;
				ORGANIZATIONNAME = "Dust Project Testing";
				TargetAttributes = {
					BF8E22BC20671D2E00829097 = {
						CreatedOnToolsVersion = 8.2.1;
						ProvisioningStyle = Automatic;
					};
					BF8E22D020671D2E00829097 = {
						CreatedOnToolsVersion = 8.2.1;
						ProvisioningStyle = Automatic;
						TestTargetID = BF8E22BC20671D2E00829097;
					};
					BF8E22DB20671D2F00829097 = {
						CreatedOnToolsVersion = 8.2.1;
						ProvisioningStyle = Automatic;
						TestTargetID = BF8E22BC20671D2E00829097;
					};
				};
			};
			buildConfigurationList = BF8E22B820671D2E00829097 /* Build configuration list for PBXProject "My First App" */;
			compatibilityVersion = "Xcode 3.2";
			developmentRegion = English;
			hasScannedForEncodings = 0;
			knownRegions = (
				en,
				Base,
			);
			mainGroup = BF8E22B420671D2E00829097;
			productRefGroup = BF8E22BE20671D2E00829097 /* Products */;
			projectDirPath = "";
			projectRoot = "";
			targets = (
				BF8E22BC20671D2E00829097 /* My First App */,
				BF8E22D020671D2E00829097 /* My First AppTests */,
				BF8E22DB20671D2F00829097 /* My First AppUITests */,
			);
		};
/* End PBXProject section */

/* Begin PBXResourcesBuildPhase section */
		BF8E22BB20671D2E00829097 /* Resources */ = {
			isa = PBXResourcesBuildPhase;
			buildActionMask = 2147483647;
			files = (
				BF8E22CB20671D2E00829097 /* LaunchScreen.storyboard in Resources */,
				BF8E22C820671D2E00829097 /* Assets.xcassets in Resources */,
				BF8E22C620671D2E00829097 /* Main.storyboard in Resources */,
			);
			runOnlyForDeploymentPostprocessing = 0;
		};
		BF8E22CF20671D2E00829097 /* Resources */ = {
			isa = PBXResourcesBuildPhase;
			buildActionMask = 2147483647;
			files = (
			);
			runOnlyForDeploymentPostprocessing = 0;
		};
		BF8E22DA20671D2F00829097 /* Resources */ = {
			isa = PBXResourcesBuildPhase;
			buildActionMask = 2147483647;
			files = (
			);
			runOnlyForDeploymentPostprocessing = 0;
		};
/* End PBXResourcesBuildPhase section */

/* Begin PBXSourcesBuildPhase section */
		BF8E22B920671D2E00829097 /* Sources */ = {
			isa = PBXSourcesBuildPhase;
			buildActionMask = 2147483647;
			files = (
				BF8E22C320671D2E00829097 /* ViewController.swift in Sources */,
				BF8E22C120671D2E00829097 /* AppDelegate.swift in Sources */,
			);
			runOnlyForDeploymentPostprocessing = 0;
		};
		BF8E22CD20671D2E00829097 /* Sources */ = {
			isa = PBXSourcesBuildPhase;
			buildActionMask = 2147483647;
			files = (
				BF8E22D620671D2F00829097 /* My_First_AppTests.swift in Sources */,
			);
			runOnlyForDeploymentPostprocessing = 0;
		};
		BF8E22D820671D2F00829097 /* Sources */ = {
			isa = PBXSourcesBuildPhase;
			buildActionMask = 2147483647;
			files = (
				BF8E22E120671D2F00829097 /* My_First_AppUITests.swift in Sources */,
			);
			runOnlyForDeploymentPostprocessing = 0;
		};
/* End PBXSourcesBuildPhase section */

/* Begin PBXTargetDependency section */
		BF8E22D320671D2E00829097 /* PBXTargetDependency */ = {
			isa = PBXTargetDependency;
			target = BF8E22BC20671D2E00829097 /* My First App */;
			targetProxy = BF8E22D220671D2E00829097 /* PBXContainerItemProxy */;
		};
		BF8E22DE20671D2F00829097 /* PBXTargetDependency */ = {
			isa = PBXTargetDependency;
			target = BF8E22BC20671D2E00829097 /* My First App */;
			targetProxy = BF8E22DD20671D2F00829097 /* PBXContainerItemProxy */;
		};
/* End PBXTargetDependency section */

/* Begin PBXVariantGroup section */
		BF8E22C420671D2E00829097 /* Main.storyboard */ = {
			isa = PBXVariantGroup;
			children = (
				BF8E22C520671D2E00829097 /* Base */,
			);
			name = Main.storyboard;
			sourceTree = "<group>";
		};
		BF8E22C920671D2E00829097 /* LaunchScreen.storyboard */ = {
			isa = PBXVariantGroup;
			children = (
				BF8E22CA20671D2E00829097 /* Base */,
			);
			name = LaunchScreen.storyboard;
			sourceTree = "<group>";
		};
/* End PBXVariantGroup section */

/* Begin XCBuildConfiguration section */
		BF8E22E320671D2F00829097 /* Debug */ = {
			isa = XCBuildConfiguration;
			buildSettings = {
				ALWAYS_SEARCH_USER_PATHS = NO;
				CLANG_ANALYZER_NONNULL = YES;
				CLANG_CXX_LANGUAGE_STANDARD = "gnu++0x";
				CLANG_CXX_LIBRARY = "libc++";
				CLANG_ENABLE_MODULES = YES;
				CLANG_ENABLE_OBJC_ARC = YES;
				CLANG_WARN_BOOL_CONVERSION = YES;
				CLANG_WARN_CONSTANT_CONVERSION = YES;
				CLANG_WARN_DIRECT_OBJC_ISA_USAGE = YES_ERROR;
				CLANG_WARN_DOCUMENTATION_COMMENTS = YES;
				CLANG_WARN_EMPTY_BODY = YES;
				CLANG_WARN_ENUM_CONVERSION = YES;
				CLANG_WARN_INFINITE_RECURSION = YES;
				CLANG_WARN_INT_CONVERSION = YES;
				CLANG_WARN_OBJC_ROOT_CLASS = YES_ERROR;
				CLANG_WARN_SUSPICIOUS_MOVE = YES;
				CLANG_WARN_UNREACHABLE_CODE = YES;
				CLANG_WARN__DUPLICATE_METHOD_MATCH = YES;
				"CODE_SIGN_IDENTITY[sdk=iphoneos*]" = "iPhone Developer";
				COPY_PHASE_STRIP = NO;
				DEBUG_INFORMATION_FORMAT = dwarf;
				ENABLE_STRICT_OBJC_MSGSEND = YES;
				ENABLE_TESTABILITY = YES;
				GCC_C_LANGUAGE_STANDARD = gnu99;
				GCC_DYNAMIC_NO_PIC = NO;
				GCC_NO_COMMON_BLOCKS = YES;
				GCC_OPTIMIZATION_LEVEL = 0;
				GCC_PREPROCESSOR_DEFINITIONS = (
					"DEBUG=1",
					"$(inherited)",
				);
				GCC_WARN_64_TO_32_BIT_CONVERSION = YES;
				GCC_WARN_ABOUT_RETURN_TYPE = YES_ERROR;
				GCC_WARN_UNDECLARED_SELECTOR = YES;
				GCC_WARN_UNINITIALIZED_AUTOS = YES_AGGRESSIVE;
				GCC_WARN_UNUSED_FUNCTION = YES;
				GCC_WARN_UNUSED_VARIABLE = YES;
				IPHONEOS_DEPLOYMENT_TARGET = 10.2;
				MTL_ENABLE_DEBUG_INFO = YES;
				ONLY_ACTIVE_ARCH = YES;
				SDKROOT = iphoneos;
				SWIFT_ACTIVE_COMPILATION_CONDITIONS = DEBUG;
				SWIFT_OPTIMIZATION_LEVEL = "-Onone";
				TARGETED_DEVICE_FAMILY = "1,2";
			};
			name = Debug;
		};
		BF8E22E420671D2F00829097 /* Release */ = {
			isa = XCBuildConfiguration;
			buildSettings = {
				ALWAYS_SEARCH_USER_PATHS = NO;
				CLANG_ANALYZER_NONNULL = YES;
				CLANG_CXX_LANGUAGE_STANDARD = "gnu++0x";
				CLANG_CXX_LIBRARY = "libc++";
				CLANG_ENABLE_MODULES = YES;
				CLANG_ENABLE_OBJC_ARC = YES;
				CLANG_WARN_BOOL_CONVERSION = YES;
				CLANG_WARN_CONSTANT_CONVERSION = YES;
				CLANG_WARN_DIRECT_OBJC_ISA_USAGE = YES_ERROR;
				CLANG_WARN_DOCUMENTATION_COMMENTS = YES;
				CLANG_WARN_EMPTY_BODY = YES;
				CLANG_WARN_ENUM_CONVERSION = YES;
				CLANG_WARN_INFINITE_RECURSION = YES;
				CLANG_WARN_INT_CONVERSION = YES;
				CLANG_WARN_OBJC_ROOT_CLASS = YES_ERROR;
				CLANG_WARN_SUSPICIOUS_MOVE = YES;
				CLANG_WARN_UNREACHABLE_CODE = YES;
				CLANG_WARN__DUPLICATE_METHOD_MATCH = YES;
				"CODE_SIGN_IDENTITY[sdk=iphoneos*]" = "iPhone Developer";
				COPY_PHASE_STRIP = NO;
				DEBUG_INFORMATION_FORMAT = "dwarf-with-dsym";
				ENABLE_NS_ASSERTIONS = NO;
				ENABLE_STRICT_OBJC_MSGSEND = YES;
				GCC_C_LANGUAGE_STANDARD = gnu99;
				GCC_NO_COMMON_BLOCKS = YES;
				GCC_WARN_64_TO_32_BIT_CONVERSION = YES;
				GCC_WARN_ABOUT_RETURN_TYPE = YES_ERROR;
				GCC_WARN_UNDECLARED_SELECTOR = YES;
				GCC_WARN_UNINITIALIZED_AUTOS = YES_AGGRESSIVE;
				GCC_WARN_UNUSED_FUNCTION = YES;
				GCC_WARN_UNUSED_VARIABLE = YES;
				IPHONEOS_DEPLOYMENT_TARGET = 10.2;
				MTL_ENABLE_DEBUG_INFO = NO;
				SDKROOT = iphoneos;
				SWIFT_OPTIMIZATION_LEVEL = "-Owholemodule";
				TARGETED_DEVICE_FAMILY = "1,2";
				VALIDATE_PRODUCT = YES;
			};
			name = Release;
		};
		BF8E22E620671D2F00829097 /* Debug */ = {
			isa = XCBuildConfiguration;
			buildSettings = {
				ASSETCATALOG_COMPILER_APPICON_NAME = AppIcon;
				INFOPLIST_FILE = "My First App/Info.plist";
				LD_RUNPATH_SEARCH_PATHS = "$(inherited) @executable_path/Frameworks";
				PRODUCT_BUNDLE_IDENTIFIER = "JFree.My-First-App";
				PRODUCT_NAME = "$(TARGET_NAME)";
				SWIFT_VERSION = 3.0;
			};
			name = Debug;
		};
		BF8E22E720671D2F00829097 /* Release */ = {
			isa = XCBuildConfiguration;
			buildSettings = {
				ASSETCATALOG_COMPILER_APPICON_NAME = AppIcon;
				INFOPLIST_FILE = "My First App/Info.plist";
				LD_RUNPATH_SEARCH_PATHS = "$(inherited) @executable_path/Frameworks";
				PRODUCT_BUNDLE_IDENTIFIER = "JFree.My-First-App";
				PRODUCT_NAME = "$(TARGET_NAME)";
				SWIFT_VERSION = 3.0;
			};
			name = Release;
		};
		BF8E22E920671D2F00829097 /* Debug */ = {
			isa = XCBuildConfiguration;
			buildSettings = {
				ALWAYS_EMBED_SWIFT_STANDARD_LIBRARIES = YES;
				BUNDLE_LOADER = "$(TEST_HOST)";
				INFOPLIST_FILE = "My First AppTests/Info.plist";
				LD_RUNPATH_SEARCH_PATHS = "$(inherited) @executable_path/Frameworks @loader_path/Frameworks";
				PRODUCT_BUNDLE_IDENTIFIER = "JFree.My-First-AppTests";
				PRODUCT_NAME = "$(TARGET_NAME)";
				SWIFT_VERSION = 3.0;
				TEST_HOST = "$(BUILT_PRODUCTS_DIR)/My First App.app/My First App";
			};
			name = Debug;
		};
		BF8E22EA20671D2F00829097 /* Release */ = {
			isa = XCBuildConfiguration;
			buildSettings = {
				ALWAYS_EMBED_SWIFT_STANDARD_LIBRARIES = YES;
				BUNDLE_LOADER = "$(TEST_HOST)";
				INFOPLIST_FILE = "My First AppTests/Info.plist";
				LD_RUNPATH_SEARCH_PATHS = "$(inherited) @executable_path/Frameworks @loader_path/Frameworks";
				PRODUCT_BUNDLE_IDENTIFIER = "JFree.My-First-AppTests";
				PRODUCT_NAME = "$(TARGET_NAME)";
				SWIFT_VERSION = 3.0;
				TEST_HOST = "$(BUILT_PRODUCTS_DIR)/My First App.app/My First App";
			};
			name = Release;
		};
		BF8E22EC20671D2F00829097 /* Debug */ = {
			isa = XCBuildConfiguration;
			buildSettings = {
				ALWAYS_EMBED_SWIFT_STANDARD_LIBRARIES = YES;
				INFOPLIST_FILE = "My First AppUITests/Info.plist";
				LD_RUNPATH_SEARCH_PATHS = "$(inherited) @executable_path/Frameworks @loader_path/Frameworks";
				PRODUCT_BUNDLE_IDENTIFIER = "JFree.My-First-AppUITests";
				PRODUCT_NAME = "$(TARGET_NAME)";
				SWIFT_VERSION = 3.0;
				TEST_TARGET_NAME = "My First App";
			};
			name = Debug;
		};
		BF8E22ED20671D2F00829097 /* Release */ = {
			isa = XCBuildConfiguration;
			buildSettings = {
				ALWAYS_EMBED_SWIFT_STANDARD_LIBRARIES = YES;
				INFOPLIST_FILE = "My First AppUITests/Info.plist";
				LD_RUNPATH_SEARCH_PATHS = "$(inherited) @executable_path/Frameworks @loader_path/Frameworks";
				PRODUCT_BUNDLE_IDENTIFIER = "JFree.My-First-AppUITests";
				PRODUCT_NAME = "$(TARGET_NAME)";
				SWIFT_VERSION = 3.0;
				TEST_TARGET_NAME = "My First App";
			};
			name = Release;
		};
/* End XCBuildConfiguration section */

/* Begin XCConfigurationList section */
		BF8E22B820671D2E00829097 /* Build configuration list for PBXProject "My First App" */ = {
			isa = XCConfigurationList;
			buildConfigurations = (
				BF8E22E320671D2F00829097 /* Debug */,
				BF8E22E420671D2F00829097 /* Release */,
			);
			defaultConfigurationIsVisible = 0;
			defaultConfigurationName = Release;
		};
		BF8E22E520671D2F00829097 /* Build configuration list for PBXNativeTarget "My First App" */ = {
			isa = XCConfigurationList;
			buildConfigurations = (
				BF8E22E620671D2F00829097 /* Debug */,
				BF8E22E720671D2F00829097 /* Release */,
			);
			defaultConfigurationIsVisible = 0;
		};
		BF8E22E820671D2F00829097 /* Build configuration list for PBXNativeTarget "My First AppTests" */ = {
			isa = XCConfigurationList;
			buildConfigurations = (
				BF8E22E920671D2F00829097 /* Debug */,
				BF8E22EA20671D2F00829097 /* Release */,
			);
			defaultConfigurationIsVisible = 0;
		};
		BF8E22EB20671D2F00829097 /* Build configuration list for PBXNativeTarget "My First AppUITests" */ = {
			isa = XCConfigurationList;
			buildConfigurations = (
				BF8E22EC20671D2F00829097 /* Debug */,
				BF8E22ED20671D2F00829097 /* Release */,
			);
			defaultConfigurationIsVisible = 0;
		};
/* End XCConfigurationList section */
	};
	rootObject = BF8E22B520671D2E00829097 /* Project object */;
}
