// !$*UTF8*$!
{
	archiveVersion = 1;
	classes = {
	};
	objectVersion = 50;
	objects = {

/* Begin PBXBuildFile section */
		BFC9D40120C36006005E0900 /* AppDelegate.swift in Sources */ = {isa = PBXBuildFile; fileRef = BFC9D40020C36006005E0900 /* AppDelegate.swift */; };
		BFC9D40620C36006005E0900 /* Main.storyboard in Resources */ = {isa = PBXBuildFile; fileRef = BFC9D40420C36006005E0900 /* Main.storyboard */; };
		BFC9D40820C36007005E0900 /* Assets.xcassets in Resources */ = {isa = PBXBuildFile; fileRef = BFC9D40720C36007005E0900 /* Assets.xcassets */; };
		BFC9D40B20C36007005E0900 /* LaunchScreen.storyboard in Resources */ = {isa = PBXBuildFile; fileRef = BFC9D40920C36007005E0900 /* LaunchScreen.storyboard */; };
		BFC9D41320C361B5005E0900 /* File.swift in Sources */ = {isa = PBXBuildFile; fileRef = BFC9D41220C361B5005E0900 /* File.swift */; };
		BFC9D41B20C365CA005E0900 /* GreenViewController.swift in Sources */ = {isa = PBXBuildFile; fileRef = BFC9D41A20C365CA005E0900 /* GreenViewController.swift */; };
		BFC9D41D20C365FA005E0900 /* OrangeViewController.swift in Sources */ = {isa = PBXBuildFile; fileRef = BFC9D41C20C365FA005E0900 /* OrangeViewController.swift */; };
		BFC9D41F20C36660005E0900 /* RedViewController.swift in Sources */ = {isa = PBXBuildFile; fileRef = BFC9D41E20C36660005E0900 /* RedViewController.swift */; };
/* End PBXBuildFile section */

/* Begin PBXFileReference section */
		BFC9D3FD20C36006005E0900 /* RainbowTabs2.app */ = {isa = PBXFileReference; explicitFileType = wrapper.application; includeInIndex = 0; path = RainbowTabs2.app; sourceTree = BUILT_PRODUCTS_DIR; };
		BFC9D40020C36006005E0900 /* AppDelegate.swift */ = {isa = PBXFileReference; lastKnownFileType = sourcecode.swift; path = AppDelegate.swift; sourceTree = "<group>"; };
		BFC9D40520C36006005E0900 /* Base */ = {isa = PBXFileReference; lastKnownFileType = file.storyboard; name = Base; path = Base.lproj/Main.storyboard; sourceTree = "<group>"; };
		BFC9D40720C36007005E0900 /* Assets.xcassets */ = {isa = PBXFileReference; lastKnownFileType = folder.assetcatalog; path = Assets.xcassets; sourceTree = "<group>"; };
		BFC9D40A20C36007005E0900 /* Base */ = {isa = PBXFileReference; lastKnownFileType = file.storyboard; name = Base; path = Base.lproj/LaunchScreen.storyboard; sourceTree = "<group>"; };
		BFC9D40C20C36007005E0900 /* Info.plist */ = {isa = PBXFileReference; lastKnownFileType = text.plist.xml; path = Info.plist; sourceTree = "<group>"; };
		BFC9D41220C361B5005E0900 /* File.swift */ = {isa = PBXFileReference; lastKnownFileType = sourcecode.swift; path = File.swift; sourceTree = "<group>"; };
		BFC9D41A20C365CA005E0900 /* GreenViewController.swift */ = {isa = PBXFileReference; lastKnownFileType = sourcecode.swift; path = GreenViewController.swift; sourceTree = "<group>"; };
		BFC9D41C20C365FA005E0900 /* OrangeViewController.swift */ = {isa = PBXFileReference; lastKnownFileType = sourcecode.swift; path = OrangeViewController.swift; sourceTree = "<group>"; };
		BFC9D41E20C36660005E0900 /* RedViewController.swift */ = {isa = PBXFileReference; lastKnownFileType = sourcecode.swift; path = RedViewController.swift; sourceTree = "<group>"; };
/* End PBXFileReference section */

/* Begin PBXFrameworksBuildPhase section */
		BFC9D3FA20C36006005E0900 /* Frameworks */ = {
			isa = PBXFrameworksBuildPhase;
			buildActionMask = 2147483647;
			files = (
			);
			runOnlyForDeploymentPostprocessing = 0;
		};
/* End PBXFrameworksBuildPhase section */

/* Begin PBXGroup section */
		BFC9D3F420C36006005E0900 = {
			isa = PBXGroup;
			children = (
				BFC9D3FF20C36006005E0900 /* RainbowTabs2 */,
				BFC9D3FE20C36006005E0900 /* Products */,
			);
			sourceTree = "<group>";
		};
		BFC9D3FE20C36006005E0900 /* Products */ = {
			isa = PBXGroup;
			children = (
				BFC9D3FD20C36006005E0900 /* RainbowTabs2.app */,
			);
			name = Products;
			sourceTree = "<group>";
		};
		BFC9D3FF20C36006005E0900 /* RainbowTabs2 */ = {
			isa = PBXGroup;
			children = (
				BFC9D40020C36006005E0900 /* AppDelegate.swift */,
				BFC9D41E20C36660005E0900 /* RedViewController.swift */,
				BFC9D41C20C365FA005E0900 /* OrangeViewController.swift */,
				BFC9D41A20C365CA005E0900 /* GreenViewController.swift */,
				BFC9D41220C361B5005E0900 /* File.swift */,
				BFC9D40420C36006005E0900 /* Main.storyboard */,
				BFC9D40720C36007005E0900 /* Assets.xcassets */,
				BFC9D40920C36007005E0900 /* LaunchScreen.storyboard */,
				BFC9D40C20C36007005E0900 /* Info.plist */,
			);
			path = RainbowTabs2;
			sourceTree = "<group>";
		};
/* End PBXGroup section */

/* Begin PBXNativeTarget section */
		BFC9D3FC20C36006005E0900 /* RainbowTabs2 */ = {
			isa = PBXNativeTarget;
			buildConfigurationList = BFC9D40F20C36007005E0900 /* Build configuration list for PBXNativeTarget "RainbowTabs2" */;
			buildPhases = (
				BFC9D3F920C36006005E0900 /* Sources */,
				BFC9D3FA20C36006005E0900 /* Frameworks */,
				BFC9D3FB20C36006005E0900 /* Resources */,
			);
			buildRules = (
			);
			dependencies = (
			);
			name = RainbowTabs2;
			productName = RainbowTabs2;
			productReference = BFC9D3FD20C36006005E0900 /* RainbowTabs2.app */;
			productType = "com.apple.product-type.application";
		};
/* End PBXNativeTarget section */

/* Begin PBXProject section */
		BFC9D3F520C36006005E0900 /* Project object */ = {
			isa = PBXProject;
			attributes = {
				LastSwiftUpdateCheck = 0940;
				LastUpgradeCheck = 0940;
				ORGANIZATIONNAME = "Maryland Dust Storm Project";
				TargetAttributes = {
					BFC9D3FC20C36006005E0900 = {
						CreatedOnToolsVersion = 9.4;
						LastSwiftMigration = 0940;
					};
				};
			};
			buildConfigurationList = BFC9D3F820C36006005E0900 /* Build configuration list for PBXProject "RainbowTabs2" */;
			compatibilityVersion = "Xcode 9.3";
			developmentRegion = en;
			hasScannedForEncodings = 0;
			knownRegions = (
				en,
				Base,
			);
			mainGroup = BFC9D3F420C36006005E0900;
			productRefGroup = BFC9D3FE20C36006005E0900 /* Products */;
			projectDirPath = "";
			projectRoot = "";
			targets = (
				BFC9D3FC20C36006005E0900 /* RainbowTabs2 */,
			);
		};
/* End PBXProject section */

/* Begin PBXResourcesBuildPhase section */
		BFC9D3FB20C36006005E0900 /* Resources */ = {
			isa = PBXResourcesBuildPhase;
			buildActionMask = 2147483647;
			files = (
				BFC9D40B20C36007005E0900 /* LaunchScreen.storyboard in Resources */,
				BFC9D40820C36007005E0900 /* Assets.xcassets in Resources */,
				BFC9D40620C36006005E0900 /* Main.storyboard in Resources */,
			);
			runOnlyForDeploymentPostprocessing = 0;
		};
/* End PBXResourcesBuildPhase section */

/* Begin PBXSourcesBuildPhase section */
		BFC9D3F920C36006005E0900 /* Sources */ = {
			isa = PBXSourcesBuildPhase;
			buildActionMask = 2147483647;
			files = (
				BFC9D41F20C36660005E0900 /* RedViewController.swift in Sources */,
				BFC9D41D20C365FA005E0900 /* OrangeViewController.swift in Sources */,
				BFC9D41320C361B5005E0900 /* File.swift in Sources */,
				BFC9D40120C36006005E0900 /* AppDelegate.swift in Sources */,
				BFC9D41B20C365CA005E0900 /* GreenViewController.swift in Sources */,
			);
			runOnlyForDeploymentPostprocessing = 0;
		};
/* End PBXSourcesBuildPhase section */

/* Begin PBXVariantGroup section */
		BFC9D40420C36006005E0900 /* Main.storyboard */ = {
			isa = PBXVariantGroup;
			children = (
				BFC9D40520C36006005E0900 /* Base */,
			);
			name = Main.storyboard;
			sourceTree = "<group>";
		};
		BFC9D40920C36007005E0900 /* LaunchScreen.storyboard */ = {
			isa = PBXVariantGroup;
			children = (
				BFC9D40A20C36007005E0900 /* Base */,
			);
			name = LaunchScreen.storyboard;
			sourceTree = "<group>";
		};
/* End PBXVariantGroup section */

/* Begin XCBuildConfiguration section */
		BFC9D40D20C36007005E0900 /* Debug */ = {
			isa = XCBuildConfiguration;
			buildSettings = {
				ALWAYS_SEARCH_USER_PATHS = NO;
				CLANG_ANALYZER_NONNULL = YES;
				CLANG_ANALYZER_NUMBER_OBJECT_CONVERSION = YES_AGGRESSIVE;
				CLANG_CXX_LANGUAGE_STANDARD = "gnu++14";
				CLANG_CXX_LIBRARY = "libc++";
				CLANG_ENABLE_MODULES = YES;
				CLANG_ENABLE_OBJC_ARC = YES;
				CLANG_ENABLE_OBJC_WEAK = YES;
				CLANG_WARN_BLOCK_CAPTURE_AUTORELEASING = YES;
				CLANG_WARN_BOOL_CONVERSION = YES;
				CLANG_WARN_COMMA = YES;
				CLANG_WARN_CONSTANT_CONVERSION = YES;
				CLANG_WARN_DEPRECATED_OBJC_IMPLEMENTATIONS = YES;
				CLANG_WARN_DIRECT_OBJC_ISA_USAGE = YES_ERROR;
				CLANG_WARN_DOCUMENTATION_COMMENTS = YES;
				CLANG_WARN_EMPTY_BODY = YES;
				CLANG_WARN_ENUM_CONVERSION = YES;
				CLANG_WARN_INFINITE_RECURSION = YES;
				CLANG_WARN_INT_CONVERSION = YES;
				CLANG_WARN_NON_LITERAL_NULL_CONVERSION = YES;
				CLANG_WARN_OBJC_IMPLICIT_RETAIN_SELF = YES;
				CLANG_WARN_OBJC_LITERAL_CONVERSION = YES;
				CLANG_WARN_OBJC_ROOT_CLASS = YES_ERROR;
				CLANG_WARN_RANGE_LOOP_ANALYSIS = YES;
				CLANG_WARN_STRICT_PROTOTYPES = YES;
				CLANG_WARN_SUSPICIOUS_MOVE = YES;
				CLANG_WARN_UNGUARDED_AVAILABILITY = YES_AGGRESSIVE;
				CLANG_WARN_UNREACHABLE_CODE = YES;
				CLANG_WARN__DUPLICATE_METHOD_MATCH = YES;
				CODE_SIGN_IDENTITY = "iPhone Developer";
				COPY_PHASE_STRIP = NO;
				DEBUG_INFORMATION_FORMAT = dwarf;
				ENABLE_STRICT_OBJC_MSGSEND = YES;
				ENABLE_TESTABILITY = YES;
				GCC_C_LANGUAGE_STANDARD = gnu11;
				GCC_DYNAMIC_NO_PIC = NO;
				GCC_NO_COMMON_BLOCKS = YES;
				GCC_OPTIMIZATION_LEVEL = 0;
				GCC_PREPROCESSOR_DEFINITIONS = (
					"DEBUG=1",
					"$(inherited)",
				);
				GCC_WARN_64_TO_32_BIT_CONVERSION = YES;
				GCC_WARN_ABOUT_RETURN_TYPE = YES_ERROR;
				GCC_WARN_UNDECLARED_SELECTOR = YES;
				GCC_WARN_UNINITIALIZED_AUTOS = YES_AGGRESSIVE;
				GCC_WARN_UNUSED_FUNCTION = YES;
				GCC_WARN_UNUSED_VARIABLE = YES;
				IPHONEOS_DEPLOYMENT_TARGET = 11.4;
				MTL_ENABLE_DEBUG_INFO = YES;
				ONLY_ACTIVE_ARCH = YES;
				SDKROOT = iphoneos;
				SWIFT_ACTIVE_COMPILATION_CONDITIONS = DEBUG;
				SWIFT_OPTIMIZATION_LEVEL = "-Onone";
			};
			name = Debug;
		};
		BFC9D40E20C36007005E0900 /* Release */ = {
			isa = XCBuildConfiguration;
			buildSettings = {
				ALWAYS_SEARCH_USER_PATHS = NO;
				CLANG_ANALYZER_NONNULL = YES;
				CLANG_ANALYZER_NUMBER_OBJECT_CONVERSION = YES_AGGRESSIVE;
				CLANG_CXX_LANGUAGE_STANDARD = "gnu++14";
				CLANG_CXX_LIBRARY = "libc++";
				CLANG_ENABLE_MODULES = YES;
				CLANG_ENABLE_OBJC_ARC = YES;
				CLANG_ENABLE_OBJC_WEAK = YES;
				CLANG_WARN_BLOCK_CAPTURE_AUTORELEASING = YES;
				CLANG_WARN_BOOL_CONVERSION = YES;
				CLANG_WARN_COMMA = YES;
				CLANG_WARN_CONSTANT_CONVERSION = YES;
				CLANG_WARN_DEPRECATED_OBJC_IMPLEMENTATIONS = YES;
				CLANG_WARN_DIRECT_OBJC_ISA_USAGE = YES_ERROR;
				CLANG_WARN_DOCUMENTATION_COMMENTS = YES;
				CLANG_WARN_EMPTY_BODY = YES;
				CLANG_WARN_ENUM_CONVERSION = YES;
				CLANG_WARN_INFINITE_RECURSION = YES;
				CLANG_WARN_INT_CONVERSION = YES;
				CLANG_WARN_NON_LITERAL_NULL_CONVERSION = YES;
				CLANG_WARN_OBJC_IMPLICIT_RETAIN_SELF = YES;
				CLANG_WARN_OBJC_LITERAL_CONVERSION = YES;
				CLANG_WARN_OBJC_ROOT_CLASS = YES_ERROR;
				CLANG_WARN_RANGE_LOOP_ANALYSIS = YES;
				CLANG_WARN_STRICT_PROTOTYPES = YES;
				CLANG_WARN_SUSPICIOUS_MOVE = YES;
				CLANG_WARN_UNGUARDED_AVAILABILITY = YES_AGGRESSIVE;
				CLANG_WARN_UNREACHABLE_CODE = YES;
				CLANG_WARN__DUPLICATE_METHOD_MATCH = YES;
				CODE_SIGN_IDENTITY = "iPhone Developer";
				COPY_PHASE_STRIP = NO;
				DEBUG_INFORMATION_FORMAT = "dwarf-with-dsym";
				ENABLE_NS_ASSERTIONS = NO;
				ENABLE_STRICT_OBJC_MSGSEND = YES;
				GCC_C_LANGUAGE_STANDARD = gnu11;
				GCC_NO_COMMON_BLOCKS = YES;
				GCC_WARN_64_TO_32_BIT_CONVERSION = YES;
				GCC_WARN_ABOUT_RETURN_TYPE = YES_ERROR;
				GCC_WARN_UNDECLARED_SELECTOR = YES;
				GCC_WARN_UNINITIALIZED_AUTOS = YES_AGGRESSIVE;
				GCC_WARN_UNUSED_FUNCTION = YES;
				GCC_WARN_UNUSED_VARIABLE = YES;
				IPHONEOS_DEPLOYMENT_TARGET = 11.4;
				MTL_ENABLE_DEBUG_INFO = NO;
				SDKROOT = iphoneos;
				SWIFT_COMPILATION_MODE = wholemodule;
				SWIFT_OPTIMIZATION_LEVEL = "-O";
				VALIDATE_PRODUCT = YES;
			};
			name = Release;
		};
		BFC9D41020C36007005E0900 /* Debug */ = {
			isa = XCBuildConfiguration;
			buildSettings = {
				ASSETCATALOG_COMPILER_APPICON_NAME = AppIcon;
				CLANG_ENABLE_MODULES = YES;
				CODE_SIGN_STYLE = Automatic;
				DEVELOPMENT_TEAM = ZB499VUL53;
				INFOPLIST_FILE = RainbowTabs2/Info.plist;
				LD_RUNPATH_SEARCH_PATHS = (
					"$(inherited)",
					"@executable_path/Frameworks",
				);
				PRODUCT_BUNDLE_IDENTIFIER = MDDSP.RainbowTabs2;
				PRODUCT_NAME = "$(TARGET_NAME)";
				SWIFT_OBJC_BRIDGING_HEADER = "RainbowTabs2/RainbowTabs2-Bridging-Header.h";
				SWIFT_OPTIMIZATION_LEVEL = "-Onone";
				SWIFT_VERSION = 4.0;
				TARGETED_DEVICE_FAMILY = "1,2";
			};
			name = Debug;
		};
		BFC9D41120C36007005E0900 /* Release */ = {
			isa = XCBuildConfiguration;
			buildSettings = {
				ASSETCATALOG_COMPILER_APPICON_NAME = AppIcon;
				CLANG_ENABLE_MODULES = YES;
				CODE_SIGN_STYLE = Automatic;
				DEVELOPMENT_TEAM = ZB499VUL53;
				INFOPLIST_FILE = RainbowTabs2/Info.plist;
				LD_RUNPATH_SEARCH_PATHS = (
					"$(inherited)",
					"@executable_path/Frameworks",
				);
				PRODUCT_BUNDLE_IDENTIFIER = MDDSP.RainbowTabs2;
				PRODUCT_NAME = "$(TARGET_NAME)";
				SWIFT_OBJC_BRIDGING_HEADER = "RainbowTabs2/RainbowTabs2-Bridging-Header.h";
				SWIFT_VERSION = 4.0;
				TARGETED_DEVICE_FAMILY = "1,2";
			};
			name = Release;
		};
/* End XCBuildConfiguration section */

/* Begin XCConfigurationList section */
		BFC9D3F820C36006005E0900 /* Build configuration list for PBXProject "RainbowTabs2" */ = {
			isa = XCConfigurationList;
			buildConfigurations = (
				BFC9D40D20C36007005E0900 /* Debug */,
				BFC9D40E20C36007005E0900 /* Release */,
			);
			defaultConfigurationIsVisible = 0;
			defaultConfigurationName = Release;
		};
		BFC9D40F20C36007005E0900 /* Build configuration list for PBXNativeTarget "RainbowTabs2" */ = {
			isa = XCConfigurationList;
			buildConfigurations = (
				BFC9D41020C36007005E0900 /* Debug */,
				BFC9D41120C36007005E0900 /* Release */,
			);
			defaultConfigurationIsVisible = 0;
			defaultConfigurationName = Release;
		};
/* End XCConfigurationList section */
	};
	rootObject = BFC9D3F520C36006005E0900 /* Project object */;
}
