// !$*UTF8*$!
{
	archiveVersion = 1;
	classes = {
	};
	objectVersion = 50;
	objects = {

/* Begin PBXBuildFile section */
		BFFFB69320D5DE4D00B2F4F8 /* AppDelegate.swift in Sources */ = {isa = PBXBuildFile; fileRef = BFFFB69220D5DE4D00B2F4F8 /* AppDelegate.swift */; };
		BFFFB69520D5DE4D00B2F4F8 /* ViewController.swift in Sources */ = {isa = PBXBuildFile; fileRef = BFFFB69420D5DE4D00B2F4F8 /* ViewController.swift */; };
		BFFFB69820D5DE4D00B2F4F8 /* Main.storyboard in Resources */ = {isa = PBXBuildFile; fileRef = BFFFB69620D5DE4D00B2F4F8 /* Main.storyboard */; };
		BFFFB69A20D5DE4F00B2F4F8 /* Assets.xcassets in Resources */ = {isa = PBXBuildFile; fileRef = BFFFB69920D5DE4F00B2F4F8 /* Assets.xcassets */; };
		BFFFB69D20D5DE4F00B2F4F8 /* LaunchScreen.storyboard in Resources */ = {isa = PBXBuildFile; fileRef = BFFFB69B20D5DE4F00B2F4F8 /* LaunchScreen.storyboard */; };
/* End PBXBuildFile section */

/* Begin PBXFileReference section */
		BFFFB68F20D5DE4D00B2F4F8 /* ApiLecture.app */ = {isa = PBXFileReference; explicitFileType = wrapper.application; includeInIndex = 0; path = ApiLecture.app; sourceTree = BUILT_PRODUCTS_DIR; };
		BFFFB69220D5DE4D00B2F4F8 /* AppDelegate.swift */ = {isa = PBXFileReference; lastKnownFileType = sourcecode.swift; path = AppDelegate.swift; sourceTree = "<group>"; };
		BFFFB69420D5DE4D00B2F4F8 /* ViewController.swift */ = {isa = PBXFileReference; lastKnownFileType = sourcecode.swift; path = ViewController.swift; sourceTree = "<group>"; };
		BFFFB69720D5DE4D00B2F4F8 /* Base */ = {isa = PBXFileReference; lastKnownFileType = file.storyboard; name = Base; path = Base.lproj/Main.storyboard; sourceTree = "<group>"; };
		BFFFB69920D5DE4F00B2F4F8 /* Assets.xcassets */ = {isa = PBXFileReference; lastKnownFileType = folder.assetcatalog; path = Assets.xcassets; sourceTree = "<group>"; };
		BFFFB69C20D5DE4F00B2F4F8 /* Base */ = {isa = PBXFileReference; lastKnownFileType = file.storyboard; name = Base; path = Base.lproj/LaunchScreen.storyboard; sourceTree = "<group>"; };
		BFFFB69E20D5DE4F00B2F4F8 /* Info.plist */ = {isa = PBXFileReference; lastKnownFileType = text.plist.xml; path = Info.plist; sourceTree = "<group>"; };
/* End PBXFileReference section */

/* Begin PBXFrameworksBuildPhase section */
		BFFFB68C20D5DE4D00B2F4F8 /* Frameworks */ = {
			isa = PBXFrameworksBuildPhase;
			buildActionMask = 2147483647;
			files = (
			);
			runOnlyForDeploymentPostprocessing = 0;
		};
/* End PBXFrameworksBuildPhase section */

/* Begin PBXGroup section */
		BFFFB68620D5DE4D00B2F4F8 = {
			isa = PBXGroup;
			children = (
				BFFFB69120D5DE4D00B2F4F8 /* ApiLecture */,
				BFFFB69020D5DE4D00B2F4F8 /* Products */,
			);
			sourceTree = "<group>";
		};
		BFFFB69020D5DE4D00B2F4F8 /* Products */ = {
			isa = PBXGroup;
			children = (
				BFFFB68F20D5DE4D00B2F4F8 /* ApiLecture.app */,
			);
			name = Products;
			sourceTree = "<group>";
		};
		BFFFB69120D5DE4D00B2F4F8 /* ApiLecture */ = {
			isa = PBXGroup;
			children = (
				BFFFB69220D5DE4D00B2F4F8 /* AppDelegate.swift */,
				BFFFB69420D5DE4D00B2F4F8 /* ViewController.swift */,
				BFFFB69620D5DE4D00B2F4F8 /* Main.storyboard */,
				BFFFB69920D5DE4F00B2F4F8 /* Assets.xcassets */,
				BFFFB69B20D5DE4F00B2F4F8 /* LaunchScreen.storyboard */,
				BFFFB69E20D5DE4F00B2F4F8 /* Info.plist */,
			);
			path = ApiLecture;
			sourceTree = "<group>";
		};
/* End PBXGroup section */

/* Begin PBXNativeTarget section */
		BFFFB68E20D5DE4D00B2F4F8 /* ApiLecture */ = {
			isa = PBXNativeTarget;
			buildConfigurationList = BFFFB6A120D5DE4F00B2F4F8 /* Build configuration list for PBXNativeTarget "ApiLecture" */;
			buildPhases = (
				BFFFB68B20D5DE4D00B2F4F8 /* Sources */,
				BFFFB68C20D5DE4D00B2F4F8 /* Frameworks */,
				BFFFB68D20D5DE4D00B2F4F8 /* Resources */,
			);
			buildRules = (
			);
			dependencies = (
			);
			name = ApiLecture;
			productName = ApiLecture;
			productReference = BFFFB68F20D5DE4D00B2F4F8 /* ApiLecture.app */;
			productType = "com.apple.product-type.application";
		};
/* End PBXNativeTarget section */

/* Begin PBXProject section */
		BFFFB68720D5DE4D00B2F4F8 /* Project object */ = {
			isa = PBXProject;
			attributes = {
				LastSwiftUpdateCheck = 0940;
				LastUpgradeCheck = 0940;
				ORGANIZATIONNAME = "Maryland Dust Storm Project";
				TargetAttributes = {
					BFFFB68E20D5DE4D00B2F4F8 = {
						CreatedOnToolsVersion = 9.4;
					};
				};
			};
			buildConfigurationList = BFFFB68A20D5DE4D00B2F4F8 /* Build configuration list for PBXProject "ApiLecture" */;
			compatibilityVersion = "Xcode 9.3";
			developmentRegion = en;
			hasScannedForEncodings = 0;
			knownRegions = (
				en,
				Base,
			);
			mainGroup = BFFFB68620D5DE4D00B2F4F8;
			productRefGroup = BFFFB69020D5DE4D00B2F4F8 /* Products */;
			projectDirPath = "";
			projectRoot = "";
			targets = (
				BFFFB68E20D5DE4D00B2F4F8 /* ApiLecture */,
			);
		};
/* End PBXProject section */

/* Begin PBXResourcesBuildPhase section */
		BFFFB68D20D5DE4D00B2F4F8 /* Resources */ = {
			isa = PBXResourcesBuildPhase;
			buildActionMask = 2147483647;
			files = (
				BFFFB69D20D5DE4F00B2F4F8 /* LaunchScreen.storyboard in Resources */,
				BFFFB69A20D5DE4F00B2F4F8 /* Assets.xcassets in Resources */,
				BFFFB69820D5DE4D00B2F4F8 /* Main.storyboard in Resources */,
			);
			runOnlyForDeploymentPostprocessing = 0;
		};
/* End PBXResourcesBuildPhase section */

/* Begin PBXSourcesBuildPhase section */
		BFFFB68B20D5DE4D00B2F4F8 /* Sources */ = {
			isa = PBXSourcesBuildPhase;
			buildActionMask = 2147483647;
			files = (
				BFFFB69520D5DE4D00B2F4F8 /* ViewController.swift in Sources */,
				BFFFB69320D5DE4D00B2F4F8 /* AppDelegate.swift in Sources */,
			);
			runOnlyForDeploymentPostprocessing = 0;
		};
/* End PBXSourcesBuildPhase section */

/* Begin PBXVariantGroup section */
		BFFFB69620D5DE4D00B2F4F8 /* Main.storyboard */ = {
			isa = PBXVariantGroup;
			children = (
				BFFFB69720D5DE4D00B2F4F8 /* Base */,
			);
			name = Main.storyboard;
			sourceTree = "<group>";
		};
		BFFFB69B20D5DE4F00B2F4F8 /* LaunchScreen.storyboard */ = {
			isa = PBXVariantGroup;
			children = (
				BFFFB69C20D5DE4F00B2F4F8 /* Base */,
			);
			name = LaunchScreen.storyboard;
			sourceTree = "<group>";
		};
/* End PBXVariantGroup section */

/* Begin XCBuildConfiguration section */
		BFFFB69F20D5DE4F00B2F4F8 /* Debug */ = {
			isa = XCBuildConfiguration;
			buildSettings = {
				ALWAYS_SEARCH_USER_PATHS = NO;
				CLANG_ANALYZER_NONNULL = YES;
				CLANG_ANALYZER_NUMBER_OBJECT_CONVERSION = YES_AGGRESSIVE;
				CLANG_CXX_LANGUAGE_STANDARD = "gnu++14";
				CLANG_CXX_LIBRARY = "libc++";
				CLANG_ENABLE_MODULES = YES;
				CLANG_ENABLE_OBJC_ARC = YES;
				CLANG_ENABLE_OBJC_WEAK = YES;
				CLANG_WARN_BLOCK_CAPTURE_AUTORELEASING = YES;
				CLANG_WARN_BOOL_CONVERSION = YES;
				CLANG_WARN_COMMA = YES;
				CLANG_WARN_CONSTANT_CONVERSION = YES;
				CLANG_WARN_DEPRECATED_OBJC_IMPLEMENTATIONS = YES;
				CLANG_WARN_DIRECT_OBJC_ISA_USAGE = YES_ERROR;
				CLANG_WARN_DOCUMENTATION_COMMENTS = YES;
				CLANG_WARN_EMPTY_BODY = YES;
				CLANG_WARN_ENUM_CONVERSION = YES;
				CLANG_WARN_INFINITE_RECURSION = YES;
				CLANG_WARN_INT_CONVERSION = YES;
				CLANG_WARN_NON_LITERAL_NULL_CONVERSION = YES;
				CLANG_WARN_OBJC_IMPLICIT_RETAIN_SELF = YES;
				CLANG_WARN_OBJC_LITERAL_CONVERSION = YES;
				CLANG_WARN_OBJC_ROOT_CLASS = YES_ERROR;
				CLANG_WARN_RANGE_LOOP_ANALYSIS = YES;
				CLANG_WARN_STRICT_PROTOTYPES = YES;
				CLANG_WARN_SUSPICIOUS_MOVE = YES;
				CLANG_WARN_UNGUARDED_AVAILABILITY = YES_AGGRESSIVE;
				CLANG_WARN_UNREACHABLE_CODE = YES;
				CLANG_WARN__DUPLICATE_METHOD_MATCH = YES;
				CODE_SIGN_IDENTITY = "iPhone Developer";
				COPY_PHASE_STRIP = NO;
				DEBUG_INFORMATION_FORMAT = dwarf;
				ENABLE_STRICT_OBJC_MSGSEND = YES;
				ENABLE_TESTABILITY = YES;
				GCC_C_LANGUAGE_STANDARD = gnu11;
				GCC_DYNAMIC_NO_PIC = NO;
				GCC_NO_COMMON_BLOCKS = YES;
				GCC_OPTIMIZATION_LEVEL = 0;
				GCC_PREPROCESSOR_DEFINITIONS = (
					"DEBUG=1",
					"$(inherited)",
				);
				GCC_WARN_64_TO_32_BIT_CONVERSION = YES;
				GCC_WARN_ABOUT_RETURN_TYPE = YES_ERROR;
				GCC_WARN_UNDECLARED_SELECTOR = YES;
				GCC_WARN_UNINITIALIZED_AUTOS = YES_AGGRESSIVE;
				GCC_WARN_UNUSED_FUNCTION = YES;
				GCC_WARN_UNUSED_VARIABLE = YES;
				IPHONEOS_DEPLOYMENT_TARGET = 11.4;
				MTL_ENABLE_DEBUG_INFO = YES;
				ONLY_ACTIVE_ARCH = YES;
				SDKROOT = iphoneos;
				SWIFT_ACTIVE_COMPILATION_CONDITIONS = DEBUG;
				SWIFT_OPTIMIZATION_LEVEL = "-Onone";
			};
			name = Debug;
		};
		BFFFB6A020D5DE4F00B2F4F8 /* Release */ = {
			isa = XCBuildConfiguration;
			buildSettings = {
				ALWAYS_SEARCH_USER_PATHS = NO;
				CLANG_ANALYZER_NONNULL = YES;
				CLANG_ANALYZER_NUMBER_OBJECT_CONVERSION = YES_AGGRESSIVE;
				CLANG_CXX_LANGUAGE_STANDARD = "gnu++14";
				CLANG_CXX_LIBRARY = "libc++";
				CLANG_ENABLE_MODULES = YES;
				CLANG_ENABLE_OBJC_ARC = YES;
				CLANG_ENABLE_OBJC_WEAK = YES;
				CLANG_WARN_BLOCK_CAPTURE_AUTORELEASING = YES;
				CLANG_WARN_BOOL_CONVERSION = YES;
				CLANG_WARN_COMMA = YES;
				CLANG_WARN_CONSTANT_CONVERSION = YES;
				CLANG_WARN_DEPRECATED_OBJC_IMPLEMENTATIONS = YES;
				CLANG_WARN_DIRECT_OBJC_ISA_USAGE = YES_ERROR;
				CLANG_WARN_DOCUMENTATION_COMMENTS = YES;
				CLANG_WARN_EMPTY_BODY = YES;
				CLANG_WARN_ENUM_CONVERSION = YES;
				CLANG_WARN_INFINITE_RECURSION = YES;
				CLANG_WARN_INT_CONVERSION = YES;
				CLANG_WARN_NON_LITERAL_NULL_CONVERSION = YES;
				CLANG_WARN_OBJC_IMPLICIT_RETAIN_SELF = YES;
				CLANG_WARN_OBJC_LITERAL_CONVERSION = YES;
				CLANG_WARN_OBJC_ROOT_CLASS = YES_ERROR;
				CLANG_WARN_RANGE_LOOP_ANALYSIS = YES;
				CLANG_WARN_STRICT_PROTOTYPES = YES;
				CLANG_WARN_SUSPICIOUS_MOVE = YES;
				CLANG_WARN_UNGUARDED_AVAILABILITY = YES_AGGRESSIVE;
				CLANG_WARN_UNREACHABLE_CODE = YES;
				CLANG_WARN__DUPLICATE_METHOD_MATCH = YES;
				CODE_SIGN_IDENTITY = "iPhone Developer";
				COPY_PHASE_STRIP = NO;
				DEBUG_INFORMATION_FORMAT = "dwarf-with-dsym";
				ENABLE_NS_ASSERTIONS = NO;
				ENABLE_STRICT_OBJC_MSGSEND = YES;
				GCC_C_LANGUAGE_STANDARD = gnu11;
				GCC_NO_COMMON_BLOCKS = YES;
				GCC_WARN_64_TO_32_BIT_CONVERSION = YES;
				GCC_WARN_ABOUT_RETURN_TYPE = YES_ERROR;
				GCC_WARN_UNDECLARED_SELECTOR = YES;
				GCC_WARN_UNINITIALIZED_AUTOS = YES_AGGRESSIVE;
				GCC_WARN_UNUSED_FUNCTION = YES;
				GCC_WARN_UNUSED_VARIABLE = YES;
				IPHONEOS_DEPLOYMENT_TARGET = 11.4;
				MTL_ENABLE_DEBUG_INFO = NO;
				SDKROOT = iphoneos;
				SWIFT_COMPILATION_MODE = wholemodule;
				SWIFT_OPTIMIZATION_LEVEL = "-O";
				VALIDATE_PRODUCT = YES;
			};
			name = Release;
		};
		BFFFB6A220D5DE4F00B2F4F8 /* Debug */ = {
			isa = XCBuildConfiguration;
			buildSettings = {
				ASSETCATALOG_COMPILER_APPICON_NAME = AppIcon;
				CODE_SIGN_STYLE = Automatic;
				DEVELOPMENT_TEAM = ZB499VUL53;
				INFOPLIST_FILE = ApiLecture/Info.plist;
				LD_RUNPATH_SEARCH_PATHS = (
					"$(inherited)",
					"@executable_path/Frameworks",
				);
				PRODUCT_BUNDLE_IDENTIFIER = MDDSP.ApiLecture;
				PRODUCT_NAME = "$(TARGET_NAME)";
				SWIFT_VERSION = 4.0;
				TARGETED_DEVICE_FAMILY = "1,2";
			};
			name = Debug;
		};
		BFFFB6A320D5DE4F00B2F4F8 /* Release */ = {
			isa = XCBuildConfiguration;
			buildSettings = {
				ASSETCATALOG_COMPILER_APPICON_NAME = AppIcon;
				CODE_SIGN_STYLE = Automatic;
				DEVELOPMENT_TEAM = ZB499VUL53;
				INFOPLIST_FILE = ApiLecture/Info.plist;
				LD_RUNPATH_SEARCH_PATHS = (
					"$(inherited)",
					"@executable_path/Frameworks",
				);
				PRODUCT_BUNDLE_IDENTIFIER = MDDSP.ApiLecture;
				PRODUCT_NAME = "$(TARGET_NAME)";
				SWIFT_VERSION = 4.0;
				TARGETED_DEVICE_FAMILY = "1,2";
			};
			name = Release;
		};
/* End XCBuildConfiguration section */

/* Begin XCConfigurationList section */
		BFFFB68A20D5DE4D00B2F4F8 /* Build configuration list for PBXProject "ApiLecture" */ = {
			isa = XCConfigurationList;
			buildConfigurations = (
				BFFFB69F20D5DE4F00B2F4F8 /* Debug */,
				BFFFB6A020D5DE4F00B2F4F8 /* Release */,
			);
			defaultConfigurationIsVisible = 0;
			defaultConfigurationName = Release;
		};
		BFFFB6A120D5DE4F00B2F4F8 /* Build configuration list for PBXNativeTarget "ApiLecture" */ = {
			isa = XCConfigurationList;
			buildConfigurations = (
				BFFFB6A220D5DE4F00B2F4F8 /* Debug */,
				BFFFB6A320D5DE4F00B2F4F8 /* Release */,
			);
			defaultConfigurationIsVisible = 0;
			defaultConfigurationName = Release;
		};
/* End XCConfigurationList section */
	};
	rootObject = BFFFB68720D5DE4D00B2F4F8 /* Project object */;
}
